
Microsoft Visual Studio Solution File, Format Version 12.00
# Visual Studio Version 17
VisualStudioVersion = 17.3.32819.101
MinimumVisualStudioVersion = 10.0.40219.1
Project("{FAE04EC0-301F-11D3-BF4B-00C04F79EFBC}") = "Exercise25", "Exercise25\Exercise25.csproj", "{971EE2AA-0500-4CD9-876F-AE895A503A1D}"
EndProject
Global
	GlobalSection(SolutionConfigurationPlatforms) = preSolution
		Debug|Any CPU = Debug|Any CPU
		Release|Any CPU = Release|Any CPU
	EndGlobalSection
	GlobalSection(ProjectConfigurationPlatforms) = postSolution
		{971EE2AA-0500-4CD9-876F-AE895A503A1D}.Debug|Any CPU.ActiveCfg = Debug|Any CPU
		{971EE2AA-0500-4CD9-876F-AE895A503A1D}.Debug|Any CPU.Build.0 = Debug|Any CPU
		{971EE2AA-0500-4CD9-876F-AE895A503A1D}.Release|Any CPU.ActiveCfg = Release|Any CPU
		{971EE2AA-0500-4CD9-876F-AE895A503A1D}.Release|Any CPU.Build.0 = Release|Any CPU
	EndGlobalSection
	GlobalSection(SolutionProperties) = preSolution
		HideSolutionNode = FALSE
	EndGlobalSection
	GlobalSection(ExtensibilityGlobals) = postSolution
		SolutionGuid = {268911E3-C6F7-4C8A-93FA-9AD8A3C0E140}
	EndGlobalSection
EndGlobal
